// !$*UTF8*$!
{
	archiveVersion = 1;
	classes = {
	};
	objectVersion = 46;
	objects = {

/* Begin PBXBuildFile section */
		2CCF7EE61C57276200EBF05E /* AppDelegate.swift in Sources */ = {isa = PBXBuildFile; fileRef = 2CCF7EE51C57276200EBF05E /* AppDelegate.swift */; };
		2CCF7EE81C57276200EBF05E /* ViewController.swift in Sources */ = {isa = PBXBuildFile; fileRef = 2CCF7EE71C57276200EBF05E /* ViewController.swift */; };
		2CCF7EEB1C57276200EBF05E /* Main.storyboard in Resources */ = {isa = PBXBuildFile; fileRef = 2CCF7EE91C57276200EBF05E /* Main.storyboard */; };
		2CCF7EED1C57276200EBF05E /* Assets.xcassets in Resources */ = {isa = PBXBuildFile; fileRef = 2CCF7EEC1C57276200EBF05E /* Assets.xcassets */; };
		2CCF7EF01C57276200EBF05E /* LaunchScreen.storyboard in Resources */ = {isa = PBXBuildFile; fileRef = 2CCF7EEE1C57276200EBF05E /* LaunchScreen.storyboard */; };
/* End PBXBuildFile section */

/* Begin PBXFileReference section */
		2CCF7EE21C57276200EBF05E /* RunScriptTest.app */ = {isa = PBXFileReference; explicitFileType = wrapper.application; includeInIndex = 0; path = RunScriptTest.app; sourceTree = BUILT_PRODUCTS_DIR; };
		2CCF7EE51C57276200EBF05E /* AppDelegate.swift */ = {isa = PBXFileReference; lastKnownFileType = sourcecode.swift; path = AppDelegate.swift; sourceTree = "<group>"; };
		2CCF7EE71C57276200EBF05E /* ViewController.swift */ = {isa = PBXFileReference; lastKnownFileType = sourcecode.swift; path = ViewController.swift; sourceTree = "<group>"; };
		2CCF7EEA1C57276200EBF05E /* Base */ = {isa = PBXFileReference; lastKnownFileType = file.storyboard; name = Base; path = Base.lproj/Main.storyboard; sourceTree = "<group>"; };
		2CCF7EEC1C57276200EBF05E /* Assets.xcassets */ = {isa = PBXFileReference; lastKnownFileType = folder.assetcatalog; path = Assets.xcassets; sourceTree = "<group>"; };
		2CCF7EEF1C57276200EBF05E /* Base */ = {isa = PBXFileReference; lastKnownFileType = file.storyboard; name = Base; path = Base.lproj/LaunchScreen.storyboard; sourceTree = "<group>"; };
		2CCF7EF11C57276200EBF05E /* Info.plist */ = {isa = PBXFileReference; lastKnownFileType = text.plist.xml; path = Info.plist; sourceTree = "<group>"; };
/* End PBXFileReference section */

/* Begin PBXFrameworksBuildPhase section */
		2CCF7EDF1C57276200EBF05E /* Frameworks */ = {
			isa = PBXFrameworksBuildPhase;
			buildActionMask = 2147483647;
			files = (
			);
			runOnlyForDeploymentPostprocessing = 0;
		};
/* End PBXFrameworksBuildPhase section */

/* Begin PBXGroup section */
		2CCF7ED91C57276200EBF05E = {
			isa = PBXGroup;
			children = (
				2CCF7EE41C57276200EBF05E /* RunScriptTest */,
				2CCF7EE31C57276200EBF05E /* Products */,
			);
			sourceTree = "<group>";
		};
		2CCF7EE31C57276200EBF05E /* Products */ = {
			isa = PBXGroup;
			children = (
				2CCF7EE21C57276200EBF05E /* RunScriptTest.app */,
			);
			name = Products;
			sourceTree = "<group>";
		};
		2CCF7EE41C57276200EBF05E /* RunScriptTest */ = {
			isa = PBXGroup;
			children = (
				2CCF7EE51C57276200EBF05E /* AppDelegate.swift */,
				2CCF7EE71C57276200EBF05E /* ViewController.swift */,
				2CCF7EE91C57276200EBF05E /* Main.storyboard */,
				2CCF7EEC1C57276200EBF05E /* Assets.xcassets */,
				2CCF7EEE1C57276200EBF05E /* LaunchScreen.storyboard */,
				2CCF7EF11C57276200EBF05E /* Info.plist */,
			);
			path = RunScriptTest;
			sourceTree = "<group>";
		};
/* End PBXGroup section */

/* Begin PBXNativeTarget section */
		2CCF7EE11C57276200EBF05E /* RunScriptTest */ = {
			isa = PBXNativeTarget;
			buildConfigurationList = 2CCF7EF41C57276200EBF05E /* Build configuration list for PBXNativeTarget "RunScriptTest" */;
			buildPhases = (
				2CCF7EDE1C57276200EBF05E /* Sources */,
				2CCF7EDF1C57276200EBF05E /* Frameworks */,
				2CCF7EE01C57276200EBF05E /* Resources */,
				2CCF7EF71C57276B00EBF05E /* ShellScript */,
			);
			buildRules = (
			);
			dependencies = (
			);
			name = RunScriptTest;
			productName = RunScriptTest;
			productReference = 2CCF7EE21C57276200EBF05E /* RunScriptTest.app */;
			productType = "com.apple.product-type.application";
		};
/* End PBXNativeTarget section */

/* Begin PBXProject section */
		2CCF7EDA1C57276200EBF05E /* Project object */ = {
			isa = PBXProject;
			attributes = {
				LastSwiftUpdateCheck = 0730;
				LastUpgradeCheck = 0730;
				ORGANIZATIONNAME = "Ivan Lesko";
				TargetAttributes = {
					2CCF7EE11C57276200EBF05E = {
						CreatedOnToolsVersion = 7.3;
					};
				};
			};
			buildConfigurationList = 2CCF7EDD1C57276200EBF05E /* Build configuration list for PBXProject "RunScriptTest" */;
			compatibilityVersion = "Xcode 3.2";
			developmentRegion = English;
			hasScannedForEncodings = 0;
			knownRegions = (
				en,
				Base,
			);
			mainGroup = 2CCF7ED91C57276200EBF05E;
			productRefGroup = 2CCF7EE31C57276200EBF05E /* Products */;
			projectDirPath = "";
			projectRoot = "";
			targets = (
				2CCF7EE11C57276200EBF05E /* RunScriptTest */,
			);
		};
/* End PBXProject section */

/* Begin PBXResourcesBuildPhase section */
		2CCF7EE01C57276200EBF05E /* Resources */ = {
			isa = PBXResourcesBuildPhase;
			buildActionMask = 2147483647;
			files = (
				2CCF7EF01C57276200EBF05E /* LaunchScreen.storyboard in Resources */,
				2CCF7EED1C57276200EBF05E /* Assets.xcassets in Resources */,
				2CCF7EEB1C57276200EBF05E /* Main.storyboard in Resources */,
			);
			runOnlyForDeploymentPostprocessing = 0;
		};
/* End PBXResourcesBuildPhase section */

/* Begin PBXShellScriptBuildPhase section */
		2CCF7EF71C57276B00EBF05E /* ShellScript */ = {
			isa = PBXShellScriptBuildPhase;
			buildActionMask = 2147483647;
			files = (
			);
			inputPaths = (
			);
			outputPaths = (
			);
			runOnlyForDeploymentPostprocessing = 0;
			shellPath = /bin/sh;
			shellScript = "echo \"srcroot: ${SRCROOT}\"\necho \"project dir: ${PROJECT_DIR}\"\necho \"plist path: ${PROJECT_DIR}/${INFOPLIST_FILE}\"\n\nbuildNumber=$(/usr/libexec/PlistBuddy -c \"Print CFBundleVersion\" \"${PROJECT_DIR}/${INFOPLIST_FILE}\")\nbuildNumber=$(($buildNumber + 1))\n/usr/libexec/PlistBuddy -c \"Set :CFBundleVersion $buildNumber\" \"${PROJECT_DIR}/${INFOPLIST_FILE}\"\n\ngit add .\ngit commit -m \"build # $buildNumber\"\ngit tag build_$buildNumber\ngit push --tags";
		};
/* End PBXShellScriptBuildPhase section */

/* Begin PBXSourcesBuildPhase section */
		2CCF7EDE1C57276200EBF05E /* Sources */ = {
			isa = PBXSourcesBuildPhase;
			buildActionMask = 2147483647;
			files = (
				2CCF7EE81C57276200EBF05E /* ViewController.swift in Sources */,
				2CCF7EE61C57276200EBF05E /* AppDelegate.swift in Sources */,
			);
			runOnlyForDeploymentPostprocessing = 0;
		};
/* End PBXSourcesBuildPhase section */

/* Begin PBXVariantGroup section */
		2CCF7EE91C57276200EBF05E /* Main.storyboard */ = {
			isa = PBXVariantGroup;
			children = (
				2CCF7EEA1C57276200EBF05E /* Base */,
			);
			name = Main.storyboard;
			sourceTree = "<group>";
		};
		2CCF7EEE1C57276200EBF05E /* LaunchScreen.storyboard */ = {
			isa = PBXVariantGroup;
			children = (
				2CCF7EEF1C57276200EBF05E /* Base */,
			);
			name = LaunchScreen.storyboard;
			sourceTree = "<group>";
		};
/* End PBXVariantGroup section */

/* Begin XCBuildConfiguration section */
		2CCF7EF21C57276200EBF05E /* Debug */ = {
			isa = XCBuildConfiguration;
			buildSettings = {
				ALWAYS_SEARCH_USER_PATHS = NO;
				CLANG_CXX_LANGUAGE_STANDARD = "gnu++0x";
				CLANG_CXX_LIBRARY = "libc++";
				CLANG_ENABLE_MODULES = YES;
				CLANG_ENABLE_OBJC_ARC = YES;
				CLANG_WARN_BOOL_CONVERSION = YES;
				CLANG_WARN_CONSTANT_CONVERSION = YES;
				CLANG_WARN_DIRECT_OBJC_ISA_USAGE = YES_ERROR;
				CLANG_WARN_EMPTY_BODY = YES;
				CLANG_WARN_ENUM_CONVERSION = YES;
				CLANG_WARN_INT_CONVERSION = YES;
				CLANG_WARN_OBJC_ROOT_CLASS = YES_ERROR;
				CLANG_WARN_UNREACHABLE_CODE = YES;
				CLANG_WARN__DUPLICATE_METHOD_MATCH = YES;
				"CODE_SIGN_IDENTITY[sdk=iphoneos*]" = "iPhone Developer";
				COPY_PHASE_STRIP = NO;
				DEBUG_INFORMATION_FORMAT = dwarf;
				ENABLE_STRICT_OBJC_MSGSEND = YES;
				ENABLE_TESTABILITY = YES;
				GCC_C_LANGUAGE_STANDARD = gnu99;
				GCC_DYNAMIC_NO_PIC = NO;
				GCC_NO_COMMON_BLOCKS = YES;
				GCC_OPTIMIZATION_LEVEL = 0;
				GCC_PREPROCESSOR_DEFINITIONS = (
					"DEBUG=1",
					"$(inherited)",
				);
				GCC_WARN_64_TO_32_BIT_CONVERSION = YES;
				GCC_WARN_ABOUT_RETURN_TYPE = YES_ERROR;
				GCC_WARN_UNDECLARED_SELECTOR = YES;
				GCC_WARN_UNINITIALIZED_AUTOS = YES_AGGRESSIVE;
				GCC_WARN_UNUSED_FUNCTION = YES;
				GCC_WARN_UNUSED_VARIABLE = YES;
				IPHONEOS_DEPLOYMENT_TARGET = 9.3;
				MTL_ENABLE_DEBUG_INFO = YES;
				ONLY_ACTIVE_ARCH = YES;
				SDKROOT = iphoneos;
				SWIFT_OPTIMIZATION_LEVEL = "-Onone";
			};
			name = Debug;
		};
		2CCF7EF31C57276200EBF05E /* Release */ = {
			isa = XCBuildConfiguration;
			buildSettings = {
				ALWAYS_SEARCH_USER_PATHS = NO;
				CLANG_CXX_LANGUAGE_STANDARD = "gnu++0x";
				CLANG_CXX_LIBRARY = "libc++";
				CLANG_ENABLE_MODULES = YES;
				CLANG_ENABLE_OBJC_ARC = YES;
				CLANG_WARN_BOOL_CONVERSION = YES;
				CLANG_WARN_CONSTANT_CONVERSION = YES;
				CLANG_WARN_DIRECT_OBJC_ISA_USAGE = YES_ERROR;
				CLANG_WARN_EMPTY_BODY = YES;
				CLANG_WARN_ENUM_CONVERSION = YES;
				CLANG_WARN_INT_CONVERSION = YES;
				CLANG_WARN_OBJC_ROOT_CLASS = YES_ERROR;
				CLANG_WARN_UNREACHABLE_CODE = YES;
				CLANG_WARN__DUPLICATE_METHOD_MATCH = YES;
				"CODE_SIGN_IDENTITY[sdk=iphoneos*]" = "iPhone Developer";
				COPY_PHASE_STRIP = NO;
				DEBUG_INFORMATION_FORMAT = "dwarf-with-dsym";
				ENABLE_NS_ASSERTIONS = NO;
				ENABLE_STRICT_OBJC_MSGSEND = YES;
				GCC_C_LANGUAGE_STANDARD = gnu99;
				GCC_NO_COMMON_BLOCKS = YES;
				GCC_WARN_64_TO_32_BIT_CONVERSION = YES;
				GCC_WARN_ABOUT_RETURN_TYPE = YES_ERROR;
				GCC_WARN_UNDECLARED_SELECTOR = YES;
				GCC_WARN_UNINITIALIZED_AUTOS = YES_AGGRESSIVE;
				GCC_WARN_UNUSED_FUNCTION = YES;
				GCC_WARN_UNUSED_VARIABLE = YES;
				IPHONEOS_DEPLOYMENT_TARGET = 9.3;
				MTL_ENABLE_DEBUG_INFO = NO;
				SDKROOT = iphoneos;
				VALIDATE_PRODUCT = YES;
			};
			name = Release;
		};
		2CCF7EF51C57276200EBF05E /* Debug */ = {
			isa = XCBuildConfiguration;
			buildSettings = {
				ASSETCATALOG_COMPILER_APPICON_NAME = AppIcon;
				INFOPLIST_FILE = RunScriptTest/Info.plist;
				LD_RUNPATH_SEARCH_PATHS = "$(inherited) @executable_path/Frameworks";
				PRODUCT_BUNDLE_IDENTIFIER = com.ivanlesko.RunScriptTest;
				PRODUCT_NAME = "$(TARGET_NAME)";
			};
			name = Debug;
		};
		2CCF7EF61C57276200EBF05E /* Release */ = {
			isa = XCBuildConfiguration;
			buildSettings = {
				ASSETCATALOG_COMPILER_APPICON_NAME = AppIcon;
				INFOPLIST_FILE = RunScriptTest/Info.plist;
				LD_RUNPATH_SEARCH_PATHS = "$(inherited) @executable_path/Frameworks";
				PRODUCT_BUNDLE_IDENTIFIER = com.ivanlesko.RunScriptTest;
				PRODUCT_NAME = "$(TARGET_NAME)";
			};
			name = Release;
		};
/* End XCBuildConfiguration section */

/* Begin XCConfigurationList section */
		2CCF7EDD1C57276200EBF05E /* Build configuration list for PBXProject "RunScriptTest" */ = {
			isa = XCConfigurationList;
			buildConfigurations = (
				2CCF7EF21C57276200EBF05E /* Debug */,
				2CCF7EF31C57276200EBF05E /* Release */,
			);
			defaultConfigurationIsVisible = 0;
			defaultConfigurationName = Release;
		};
		2CCF7EF41C57276200EBF05E /* Build configuration list for PBXNativeTarget "RunScriptTest" */ = {
			isa = XCConfigurationList;
			buildConfigurations = (
				2CCF7EF51C57276200EBF05E /* Debug */,
				2CCF7EF61C57276200EBF05E /* Release */,
			);
			defaultConfigurationIsVisible = 0;
		};
/* End XCConfigurationList section */
	};
	rootObject = 2CCF7EDA1C57276200EBF05E /* Project object */;
}
